
Microsoft Visual Studio Solution File, Format Version 12.00
# Visual Studio Version 16
VisualStudioVersion = 16.0.30225.117
MinimumVisualStudioVersion = 10.0.40219.1
Project("{FAE04EC0-301F-11D3-BF4B-00C04F79EFBC}") = "PersonalDayPlanner", "PersonalDayPlanner\PersonalDayPlanner.csproj", "{FA413C55-ECCE-4F16-856F-BCA5195D35DD}"
EndProject
Global
	GlobalSection(SolutionConfigurationPlatforms) = preSolution
		Debug|Any CPU = Debug|Any CPU
		Release|Any CPU = Release|Any CPU
	EndGlobalSection
	GlobalSection(ProjectConfigurationPlatforms) = postSolution
		{FA413C55-ECCE-4F16-856F-BCA5195D35DD}.Debug|Any CPU.ActiveCfg = Debug|Any CPU
		{FA413C55-ECCE-4F16-856F-BCA5195D35DD}.Debug|Any CPU.Build.0 = Debug|Any CPU
		{FA413C55-ECCE-4F16-856F-BCA5195D35DD}.Release|Any CPU.ActiveCfg = Release|Any CPU
		{FA413C55-ECCE-4F16-856F-BCA5195D35DD}.Release|Any CPU.Build.0 = Release|Any CPU
	EndGlobalSection
	GlobalSection(SolutionProperties) = preSolution
		HideSolutionNode = FALSE
	EndGlobalSection
	GlobalSection(ExtensibilityGlobals) = postSolution
		SolutionGuid = {2F8653A5-945F-4853-98C2-08BD42DA1615}
	EndGlobalSection
EndGlobal
